
Microsoft Visual Studio Solution File, Format Version 12.00
# Visual Studio Version 16
VisualStudioVersion = 16.0.29209.62
MinimumVisualStudioVersion = 10.0.40219.1
Project("{FAE04EC0-301F-11D3-BF4B-00C04F79EFBC}") = "InstantSlowMo", "InstantSlowMo.csproj", "{D3B7872C-315E-4FFF-9C8B-1BD30843EEC5}"
EndProject
Global
	GlobalSection(SolutionConfigurationPlatforms) = preSolution
		Debug|Any CPU = Debug|Any CPU
		Release|Any CPU = Release|Any CPU
	EndGlobalSection
	GlobalSection(ProjectConfigurationPlatforms) = postSolution
		{D3B7872C-315E-4FFF-9C8B-1BD30843EEC5}.Debug|Any CPU.ActiveCfg = Debug|Any CPU
		{D3B7872C-315E-4FFF-9C8B-1BD30843EEC5}.Debug|Any CPU.Build.0 = Debug|Any CPU
		{D3B7872C-315E-4FFF-9C8B-1BD30843EEC5}.Release|Any CPU.ActiveCfg = Release|Any CPU
		{D3B7872C-315E-4FFF-9C8B-1BD30843EEC5}.Release|Any CPU.Build.0 = Release|Any CPU
	EndGlobalSection
	GlobalSection(SolutionProperties) = preSolution
		HideSolutionNode = FALSE
	EndGlobalSection
	GlobalSection(ExtensibilityGlobals) = postSolution
		SolutionGuid = {0AC45CC5-211E-4E7B-A18D-E80A9D35CC57}
	EndGlobalSection
EndGlobal
